// !$*UTF8*$!
{
	archiveVersion = 1;
	classes = {
	};
	objectVersion = 77;
	objects = {

/* Begin PBXContainerItemProxy section */
		C67943E62CDBBFF9000B606C /* PBXContainerItemProxy */ = {
			isa = PBXContainerItemProxy;
			containerPortal = C67943C72CDBBFF8000B606C /* Project object */;
			proxyType = 1;
			remoteGlobalIDString = C67943CE2CDBBFF8000B606C;
			remoteInfo = "Score Keeper";
		};
		C67943F02CDBBFF9000B606C /* PBXContainerItemProxy */ = {
			isa = PBXContainerItemProxy;
			containerPortal = C67943C72CDBBFF8000B606C /* Project object */;
			proxyType = 1;
			remoteGlobalIDString = C67943CE2CDBBFF8000B606C;
			remoteInfo = "Score Keeper";
		};
/* End PBXContainerItemProxy section */

/* Begin PBXFileReference section */
		C67943CF2CDBBFF8000B606C /* Score Keeper.app */ = {isa = PBXFileReference; explicitFileType = wrapper.application; includeInIndex = 0; path = "Score Keeper.app"; sourceTree = BUILT_PRODUCTS_DIR; };
		C67943E52CDBBFF9000B606C /* Score KeeperTests.xctest */ = {isa = PBXFileReference; explicitFileType = wrapper.cfbundle; includeInIndex = 0; path = "Score KeeperTests.xctest"; sourceTree = BUILT_PRODUCTS_DIR; };
		C67943EF2CDBBFF9000B606C /* Score KeeperUITests.xctest */ = {isa = PBXFileReference; explicitFileType = wrapper.cfbundle; includeInIndex = 0; path = "Score KeeperUITests.xctest"; sourceTree = BUILT_PRODUCTS_DIR; };
/* End PBXFileReference section */

/* Begin PBXFileSystemSynchronizedBuildFileExceptionSet section */
		C67943F72CDBBFF9000B606C /* Exceptions for "Score Keeper" folder in "Score Keeper" target */ = {
			isa = PBXFileSystemSynchronizedBuildFileExceptionSet;
			membershipExceptions = (
				Info.plist,
			);
			target = C67943CE2CDBBFF8000B606C /* Score Keeper */;
		};
/* End PBXFileSystemSynchronizedBuildFileExceptionSet section */

/* Begin PBXFileSystemSynchronizedRootGroup section */
		C67943D12CDBBFF8000B606C /* Score Keeper */ = {
			isa = PBXFileSystemSynchronizedRootGroup;
			exceptions = (
				C67943F72CDBBFF9000B606C /* Exceptions for "Score Keeper" folder in "Score Keeper" target */,
			);
			path = "Score Keeper";
			sourceTree = "<group>";
		};
		C67943E82CDBBFF9000B606C /* Score KeeperTests */ = {
			isa = PBXFileSystemSynchronizedRootGroup;
			path = "Score KeeperTests";
			sourceTree = "<group>";
		};
		C67943F22CDBBFF9000B606C /* Score KeeperUITests */ = {
			isa = PBXFileSystemSynchronizedRootGroup;
			path = "Score KeeperUITests";
			sourceTree = "<group>";
		};
/* End PBXFileSystemSynchronizedRootGroup section */

/* Begin PBXFrameworksBuildPhase section */
		C67943CC2CDBBFF8000B606C /* Frameworks */ = {
			isa = PBXFrameworksBuildPhase;
			buildActionMask = 2147483647;
			files = (
			);
			runOnlyForDeploymentPostprocessing = 0;
		};
		C67943E22CDBBFF9000B606C /* Frameworks */ = {
			isa = PBXFrameworksBuildPhase;
			buildActionMask = 2147483647;
			files = (
			);
			runOnlyForDeploymentPostprocessing = 0;
		};
		C67943EC2CDBBFF9000B606C /* Frameworks */ = {
			isa = PBXFrameworksBuildPhase;
			buildActionMask = 2147483647;
			files = (
			);
			runOnlyForDeploymentPostprocessing = 0;
		};
/* End PBXFrameworksBuildPhase section */

/* Begin PBXGroup section */
		C67943C62CDBBFF8000B606C = {
			isa = PBXGroup;
			children = (
				C67943D12CDBBFF8000B606C /* Score Keeper */,
				C67943E82CDBBFF9000B606C /* Score KeeperTests */,
				C67943F22CDBBFF9000B606C /* Score KeeperUITests */,
				C67943D02CDBBFF8000B606C /* Products */,
			);
			sourceTree = "<group>";
		};
		C67943D02CDBBFF8000B606C /* Products */ = {
			isa = PBXGroup;
			children = (
				C67943CF2CDBBFF8000B606C /* Score Keeper.app */,
				C67943E52CDBBFF9000B606C /* Score KeeperTests.xctest */,
				C67943EF2CDBBFF9000B606C /* Score KeeperUITests.xctest */,
			);
			name = Products;
			sourceTree = "<group>";
		};
/* End PBXGroup section */

/* Begin PBXNativeTarget section */
		C67943CE2CDBBFF8000B606C /* Score Keeper */ = {
			isa = PBXNativeTarget;
			buildConfigurationList = C67943F82CDBBFF9000B606C /* Build configuration list for PBXNativeTarget "Score Keeper" */;
			buildPhases = (
				C67943CB2CDBBFF8000B606C /* Sources */,
				C67943CC2CDBBFF8000B606C /* Frameworks */,
				C67943CD2CDBBFF8000B606C /* Resources */,
			);
			buildRules = (
			);
			dependencies = (
			);
			fileSystemSynchronizedGroups = (
				C67943D12CDBBFF8000B606C /* Score Keeper */,
			);
			name = "Score Keeper";
			packageProductDependencies = (
			);
			productName = "Score Keeper";
			productReference = C67943CF2CDBBFF8000B606C /* Score Keeper.app */;
			productType = "com.apple.product-type.application";
		};
		C67943E42CDBBFF9000B606C /* Score KeeperTests */ = {
			isa = PBXNativeTarget;
			buildConfigurationList = C67943FD2CDBBFF9000B606C /* Build configuration list for PBXNativeTarget "Score KeeperTests" */;
			buildPhases = (
				C67943E12CDBBFF9000B606C /* Sources */,
				C67943E22CDBBFF9000B606C /* Frameworks */,
				C67943E32CDBBFF9000B606C /* Resources */,
			);
			buildRules = (
			);
			dependencies = (
				C67943E72CDBBFF9000B606C /* PBXTargetDependency */,
			);
			fileSystemSynchronizedGroups = (
				C67943E82CDBBFF9000B606C /* Score KeeperTests */,
			);
			name = "Score KeeperTests";
			packageProductDependencies = (
			);
			productName = "Score KeeperTests";
			productReference = C67943E52CDBBFF9000B606C /* Score KeeperTests.xctest */;
			productType = "com.apple.product-type.bundle.unit-test";
		};
		C67943EE2CDBBFF9000B606C /* Score KeeperUITests */ = {
			isa = PBXNativeTarget;
			buildConfigurationList = C67944002CDBBFF9000B606C /* Build configuration list for PBXNativeTarget "Score KeeperUITests" */;
			buildPhases = (
				C67943EB2CDBBFF9000B606C /* Sources */,
				C67943EC2CDBBFF9000B606C /* Frameworks */,
				C67943ED2CDBBFF9000B606C /* Resources */,
			);
			buildRules = (
			);
			dependencies = (
				C67943F12CDBBFF9000B606C /* PBXTargetDependency */,
			);
			fileSystemSynchronizedGroups = (
				C67943F22CDBBFF9000B606C /* Score KeeperUITests */,
			);
			name = "Score KeeperUITests";
			packageProductDependencies = (
			);
			productName = "Score KeeperUITests";
			productReference = C67943EF2CDBBFF9000B606C /* Score KeeperUITests.xctest */;
			productType = "com.apple.product-type.bundle.ui-testing";
		};
/* End PBXNativeTarget section */

/* Begin PBXProject section */
		C67943C72CDBBFF8000B606C /* Project object */ = {
			isa = PBXProject;
			attributes = {
				BuildIndependentTargetsInParallel = 1;
				LastSwiftUpdateCheck = 1610;
				LastUpgradeCheck = 1610;
				TargetAttributes = {
					C67943CE2CDBBFF8000B606C = {
						CreatedOnToolsVersion = 16.1;
					};
					C67943E42CDBBFF9000B606C = {
						CreatedOnToolsVersion = 16.1;
						TestTargetID = C67943CE2CDBBFF8000B606C;
					};
					C67943EE2CDBBFF9000B606C = {
						CreatedOnToolsVersion = 16.1;
						TestTargetID = C67943CE2CDBBFF8000B606C;
					};
				};
			};
			buildConfigurationList = C67943CA2CDBBFF8000B606C /* Build configuration list for PBXProject "Score Keeper" */;
			developmentRegion = en;
			hasScannedForEncodings = 0;
			knownRegions = (
				en,
				Base,
			);
			mainGroup = C67943C62CDBBFF8000B606C;
			minimizedProjectReferenceProxies = 1;
			preferredProjectObjectVersion = 77;
			productRefGroup = C67943D02CDBBFF8000B606C /* Products */;
			projectDirPath = "";
			projectRoot = "";
			targets = (
				C67943CE2CDBBFF8000B606C /* Score Keeper */,
				C67943E42CDBBFF9000B606C /* Score KeeperTests */,
				C67943EE2CDBBFF9000B606C /* Score KeeperUITests */,
			);
		};
/* End PBXProject section */

/* Begin PBXResourcesBuildPhase section */
		C67943CD2CDBBFF8000B606C /* Resources */ = {
			isa = PBXResourcesBuildPhase;
			buildActionMask = 2147483647;
			files = (
			);
			runOnlyForDeploymentPostprocessing = 0;
		};
		C67943E32CDBBFF9000B606C /* Resources */ = {
			isa = PBXResourcesBuildPhase;
			buildActionMask = 2147483647;
			files = (
			);
			runOnlyForDeploymentPostprocessing = 0;
		};
		C67943ED2CDBBFF9000B606C /* Resources */ = {
			isa = PBXResourcesBuildPhase;
			buildActionMask = 2147483647;
			files = (
			);
			runOnlyForDeploymentPostprocessing = 0;
		};
/* End PBXResourcesBuildPhase section */

/* Begin PBXSourcesBuildPhase section */
		C67943CB2CDBBFF8000B606C /* Sources */ = {
			isa = PBXSourcesBuildPhase;
			buildActionMask = 2147483647;
			files = (
			);
			runOnlyForDeploymentPostprocessing = 0;
		};
		C67943E12CDBBFF9000B606C /* Sources */ = {
			isa = PBXSourcesBuildPhase;
			buildActionMask = 2147483647;
			files = (
			);
			runOnlyForDeploymentPostprocessing = 0;
		};
		C67943EB2CDBBFF9000B606C /* Sources */ = {
			isa = PBXSourcesBuildPhase;
			buildActionMask = 2147483647;
			files = (
			);
			runOnlyForDeploymentPostprocessing = 0;
		};
/* End PBXSourcesBuildPhase section */

/* Begin PBXTargetDependency section */
		C67943E72CDBBFF9000B606C /* PBXTargetDependency */ = {
			isa = PBXTargetDependency;
			target = C67943CE2CDBBFF8000B606C /* Score Keeper */;
			targetProxy = C67943E62CDBBFF9000B606C /* PBXContainerItemProxy */;
		};
		C67943F12CDBBFF9000B606C /* PBXTargetDependency */ = {
			isa = PBXTargetDependency;
			target = C67943CE2CDBBFF8000B606C /* Score Keeper */;
			targetProxy = C67943F02CDBBFF9000B606C /* PBXContainerItemProxy */;
		};
/* End PBXTargetDependency section */

/* Begin XCBuildConfiguration section */
		C67943F92CDBBFF9000B606C /* Debug */ = {
			isa = XCBuildConfiguration;
			buildSettings = {
				ASSETCATALOG_COMPILER_APPICON_NAME = AppIcon;
				ASSETCATALOG_COMPILER_GLOBAL_ACCENT_COLOR_NAME = AccentColor;
				CODE_SIGN_STYLE = Automatic;
				CURRENT_PROJECT_VERSION = 1;
				GENERATE_INFOPLIST_FILE = YES;
				INFOPLIST_FILE = "Score Keeper/Info.plist";
				INFOPLIST_KEY_UIApplicationSupportsIndirectInputEvents = YES;
				INFOPLIST_KEY_UILaunchStoryboardName = LaunchScreen;
				INFOPLIST_KEY_UIMainStoryboardFile = Main;
				INFOPLIST_KEY_UISupportedInterfaceOrientations_iPad = "UIInterfaceOrientationPortrait UIInterfaceOrientationPortraitUpsideDown UIInterfaceOrientationLandscapeLeft UIInterfaceOrientationLandscapeRight";
				INFOPLIST_KEY_UISupportedInterfaceOrientations_iPhone = "UIInterfaceOrientationPortrait UIInterfaceOrientationLandscapeLeft UIInterfaceOrientationLandscapeRight";
				LD_RUNPATH_SEARCH_PATHS = (
					"$(inherited)",
					"@executable_path/Frameworks",
				);
				MARKETING_VERSION = 1.0;
				PRODUCT_BUNDLE_IDENTIFIER = "test.Score-Keeper";
				PRODUCT_NAME = "$(TARGET_NAME)";
				SWIFT_EMIT_LOC_STRINGS = YES;
				SWIFT_VERSION = 5.0;
				TARGETED_DEVICE_FAMILY = "1,2";
			};
			name = Debug;
		};
		C67943FA2CDBBFF9000B606C /* Release */ = {
			isa = XCBuildConfiguration;
			buildSettings = {
				ASSETCATALOG_COMPILER_APPICON_NAME = AppIcon;
				ASSETCATALOG_COMPILER_GLOBAL_ACCENT_COLOR_NAME = AccentColor;
				CODE_SIGN_STYLE = Automatic;
				CURRENT_PROJECT_VERSION = 1;
				GENERATE_INFOPLIST_FILE = YES;
				INFOPLIST_FILE = "Score Keeper/Info.plist";
				INFOPLIST_KEY_UIApplicationSupportsIndirectInputEvents = YES;
				INFOPLIST_KEY_UILaunchStoryboardName = LaunchScreen;
				INFOPLIST_KEY_UIMainStoryboardFile = Main;
				INFOPLIST_KEY_UISupportedInterfaceOrientations_iPad = "UIInterfaceOrientationPortrait UIInterfaceOrientationPortraitUpsideDown UIInterfaceOrientationLandscapeLeft UIInterfaceOrientationLandscapeRight";
				INFOPLIST_KEY_UISupportedInterfaceOrientations_iPhone = "UIInterfaceOrientationPortrait UIInterfaceOrientationLandscapeLeft UIInterfaceOrientationLandscapeRight";
				LD_RUNPATH_SEARCH_PATHS = (
					"$(inherited)",
					"@executable_path/Frameworks",
				);
				MARKETING_VERSION = 1.0;
				PRODUCT_BUNDLE_IDENTIFIER = "test.Score-Keeper";
				PRODUCT_NAME = "$(TARGET_NAME)";
				SWIFT_EMIT_LOC_STRINGS = YES;
				SWIFT_VERSION = 5.0;
				TARGETED_DEVICE_FAMILY = "1,2";
			};
			name = Release;
		};
		C67943FB2CDBBFF9000B606C /* Debug */ = {
			isa = XCBuildConfiguration;
			buildSettings = {
				ALWAYS_SEARCH_USER_PATHS = NO;
				ASSETCATALOG_COMPILER_GENERATE_SWIFT_ASSET_SYMBOL_EXTENSIONS = YES;
				CLANG_ANALYZER_NONNULL = YES;
				CLANG_ANALYZER_NUMBER_OBJECT_CONVERSION = YES_AGGRESSIVE;
				CLANG_CXX_LANGUAGE_STANDARD = "gnu++20";
				CLANG_ENABLE_MODULES = YES;
				CLANG_ENABLE_OBJC_ARC = YES;
				CLANG_ENABLE_OBJC_WEAK = YES;
				CLANG_WARN_BLOCK_CAPTURE_AUTORELEASING = YES;
				CLANG_WARN_BOOL_CONVERSION = YES;
				CLANG_WARN_COMMA = YES;
				CLANG_WARN_CONSTANT_CONVERSION = YES;
				CLANG_WARN_DEPRECATED_OBJC_IMPLEMENTATIONS = YES;
				CLANG_WARN_DIRECT_OBJC_ISA_USAGE = YES_ERROR;
				CLANG_WARN_DOCUMENTATION_COMMENTS = YES;
				CLANG_WARN_EMPTY_BODY = YES;
				CLANG_WARN_ENUM_CONVERSION = YES;
				CLANG_WARN_INFINITE_RECURSION = YES;
				CLANG_WARN_INT_CONVERSION = YES;
				CLANG_WARN_NON_LITERAL_NULL_CONVERSION = YES;
				CLANG_WARN_OBJC_IMPLICIT_RETAIN_SELF = YES;
				CLANG_WARN_OBJC_LITERAL_CONVERSION = YES;
				CLANG_WARN_OBJC_ROOT_CLASS = YES_ERROR;
				CLANG_WARN_QUOTED_INCLUDE_IN_FRAMEWORK_HEADER = YES;
				CLANG_WARN_RANGE_LOOP_ANALYSIS = YES;
				CLANG_WARN_STRICT_PROTOTYPES = YES;
				CLANG_WARN_SUSPICIOUS_MOVE = YES;
				CLANG_WARN_UNGUARDED_AVAILABILITY = YES_AGGRESSIVE;
				CLANG_WARN_UNREACHABLE_CODE = YES;
				CLANG_WARN__DUPLICATE_METHOD_MATCH = YES;
				COPY_PHASE_STRIP = NO;
				DEBUG_INFORMATION_FORMAT = dwarf;
				ENABLE_STRICT_OBJC_MSGSEND = YES;
				ENABLE_TESTABILITY = YES;
				ENABLE_USER_SCRIPT_SANDBOXING = YES;
				GCC_C_LANGUAGE_STANDARD = gnu17;
				GCC_DYNAMIC_NO_PIC = NO;
				GCC_NO_COMMON_BLOCKS = YES;
				GCC_OPTIMIZATION_LEVEL = 0;
				GCC_PREPROCESSOR_DEFINITIONS = (
					"DEBUG=1",
					"$(inherited)",
				);
				GCC_WARN_64_TO_32_BIT_CONVERSION = YES;
				GCC_WARN_ABOUT_RETURN_TYPE = YES_ERROR;
				GCC_WARN_UNDECLARED_SELECTOR = YES;
				GCC_WARN_UNINITIALIZED_AUTOS = YES_AGGRESSIVE;
				GCC_WARN_UNUSED_FUNCTION = YES;
				GCC_WARN_UNUSED_VARIABLE = YES;
				IPHONEOS_DEPLOYMENT_TARGET = 18.1;
				LOCALIZATION_PREFERS_STRING_CATALOGS = YES;
				MTL_ENABLE_DEBUG_INFO = INCLUDE_SOURCE;
				MTL_FAST_MATH = YES;
				ONLY_ACTIVE_ARCH = YES;
				SDKROOT = iphoneos;
				SWIFT_ACTIVE_COMPILATION_CONDITIONS = "DEBUG $(inherited)";
				SWIFT_OPTIMIZATION_LEVEL = "-Onone";
			};
			name = Debug;
		};
		C67943FC2CDBBFF9000B606C /* Release */ = {
			isa = XCBuildConfiguration;
			buildSettings = {
				ALWAYS_SEARCH_USER_PATHS = NO;
				ASSETCATALOG_COMPILER_GENERATE_SWIFT_ASSET_SYMBOL_EXTENSIONS = YES;
				CLANG_ANALYZER_NONNULL = YES;
				CLANG_ANALYZER_NUMBER_OBJECT_CONVERSION = YES_AGGRESSIVE;
				CLANG_CXX_LANGUAGE_STANDARD = "gnu++20";
				CLANG_ENABLE_MODULES = YES;
				CLANG_ENABLE_OBJC_ARC = YES;
				CLANG_ENABLE_OBJC_WEAK = YES;
				CLANG_WARN_BLOCK_CAPTURE_AUTORELEASING = YES;
				CLANG_WARN_BOOL_CONVERSION = YES;
				CLANG_WARN_COMMA = YES;
				CLANG_WARN_CONSTANT_CONVERSION = YES;
				CLANG_WARN_DEPRECATED_OBJC_IMPLEMENTATIONS = YES;
				CLANG_WARN_DIRECT_OBJC_ISA_USAGE = YES_ERROR;
				CLANG_WARN_DOCUMENTATION_COMMENTS = YES;
				CLANG_WARN_EMPTY_BODY = YES;
				CLANG_WARN_ENUM_CONVERSION = YES;
				CLANG_WARN_INFINITE_RECURSION = YES;
				CLANG_WARN_INT_CONVERSION = YES;
				CLANG_WARN_NON_LITERAL_NULL_CONVERSION = YES;
				CLANG_WARN_OBJC_IMPLICIT_RETAIN_SELF = YES;
				CLANG_WARN_OBJC_LITERAL_CONVERSION = YES;
				CLANG_WARN_OBJC_ROOT_CLASS = YES_ERROR;
				CLANG_WARN_QUOTED_INCLUDE_IN_FRAMEWORK_HEADER = YES;
				CLANG_WARN_RANGE_LOOP_ANALYSIS = YES;
				CLANG_WARN_STRICT_PROTOTYPES = YES;
				CLANG_WARN_SUSPICIOUS_MOVE = YES;
				CLANG_WARN_UNGUARDED_AVAILABILITY = YES_AGGRESSIVE;
				CLANG_WARN_UNREACHABLE_CODE = YES;
				CLANG_WARN__DUPLICATE_METHOD_MATCH = YES;
				COPY_PHASE_STRIP = NO;
				DEBUG_INFORMATION_FORMAT = "dwarf-with-dsym";
				ENABLE_NS_ASSERTIONS = NO;
				ENABLE_STRICT_OBJC_MSGSEND = YES;
				ENABLE_USER_SCRIPT_SANDBOXING = YES;
				GCC_C_LANGUAGE_STANDARD = gnu17;
				GCC_NO_COMMON_BLOCKS = YES;
				GCC_WARN_64_TO_32_BIT_CONVERSION = YES;
				GCC_WARN_ABOUT_RETURN_TYPE = YES_ERROR;
				GCC_WARN_UNDECLARED_SELECTOR = YES;
				GCC_WARN_UNINITIALIZED_AUTOS = YES_AGGRESSIVE;
				GCC_WARN_UNUSED_FUNCTION = YES;
				GCC_WARN_UNUSED_VARIABLE = YES;
				IPHONEOS_DEPLOYMENT_TARGET = 18.1;
				LOCALIZATION_PREFERS_STRING_CATALOGS = YES;
				MTL_ENABLE_DEBUG_INFO = NO;
				MTL_FAST_MATH = YES;
				SDKROOT = iphoneos;
				SWIFT_COMPILATION_MODE = wholemodule;
				VALIDATE_PRODUCT = YES;
			};
			name = Release;
		};
		C67943FE2CDBBFF9000B606C /* Debug */ = {
			isa = XCBuildConfiguration;
			buildSettings = {
				BUNDLE_LOADER = "$(TEST_HOST)";
				CODE_SIGN_STYLE = Automatic;
				CURRENT_PROJECT_VERSION = 1;
				GENERATE_INFOPLIST_FILE = YES;
				IPHONEOS_DEPLOYMENT_TARGET = 18.1;
				MARKETING_VERSION = 1.0;
				PRODUCT_BUNDLE_IDENTIFIER = "test.Score-KeeperTests";
				PRODUCT_NAME = "$(TARGET_NAME)";
				SWIFT_EMIT_LOC_STRINGS = NO;
				SWIFT_VERSION = 5.0;
				TARGETED_DEVICE_FAMILY = "1,2";
				TEST_HOST = "$(BUILT_PRODUCTS_DIR)/Score Keeper.app/$(BUNDLE_EXECUTABLE_FOLDER_PATH)/Score Keeper";
			};
			name = Debug;
		};
		C67943FF2CDBBFF9000B606C /* Release */ = {
			isa = XCBuildConfiguration;
			buildSettings = {
				BUNDLE_LOADER = "$(TEST_HOST)";
				CODE_SIGN_STYLE = Automatic;
				CURRENT_PROJECT_VERSION = 1;
				GENERATE_INFOPLIST_FILE = YES;
				IPHONEOS_DEPLOYMENT_TARGET = 18.1;
				MARKETING_VERSION = 1.0;
				PRODUCT_BUNDLE_IDENTIFIER = "test.Score-KeeperTests";
				PRODUCT_NAME = "$(TARGET_NAME)";
				SWIFT_EMIT_LOC_STRINGS = NO;
				SWIFT_VERSION = 5.0;
				TARGETED_DEVICE_FAMILY = "1,2";
				TEST_HOST = "$(BUILT_PRODUCTS_DIR)/Score Keeper.app/$(BUNDLE_EXECUTABLE_FOLDER_PATH)/Score Keeper";
			};
			name = Release;
		};
		C67944012CDBBFF9000B606C /* Debug */ = {
			isa = XCBuildConfiguration;
			buildSettings = {
				CODE_SIGN_STYLE = Automatic;
				CURRENT_PROJECT_VERSION = 1;
				GENERATE_INFOPLIST_FILE = YES;
				MARKETING_VERSION = 1.0;
				PRODUCT_BUNDLE_IDENTIFIER = "test.Score-KeeperUITests";
				PRODUCT_NAME = "$(TARGET_NAME)";
				SWIFT_EMIT_LOC_STRINGS = NO;
				SWIFT_VERSION = 5.0;
				TARGETED_DEVICE_FAMILY = "1,2";
				TEST_TARGET_NAME = "Score Keeper";
			};
			name = Debug;
		};
		C67944022CDBBFF9000B606C /* Release */ = {
			isa = XCBuildConfiguration;
			buildSettings = {
				CODE_SIGN_STYLE = Automatic;
				CURRENT_PROJECT_VERSION = 1;
				GENERATE_INFOPLIST_FILE = YES;
				MARKETING_VERSION = 1.0;
				PRODUCT_BUNDLE_IDENTIFIER = "test.Score-KeeperUITests";
				PRODUCT_NAME = "$(TARGET_NAME)";
				SWIFT_EMIT_LOC_STRINGS = NO;
				SWIFT_VERSION = 5.0;
				TARGETED_DEVICE_FAMILY = "1,2";
				TEST_TARGET_NAME = "Score Keeper";
			};
			name = Release;
		};
/* End XCBuildConfiguration section */

/* Begin XCConfigurationList section */
		C67943CA2CDBBFF8000B606C /* Build configuration list for PBXProject "Score Keeper" */ = {
			isa = XCConfigurationList;
			buildConfigurations = (
				C67943FB2CDBBFF9000B606C /* Debug */,
				C67943FC2CDBBFF9000B606C /* Release */,
			);
			defaultConfigurationIsVisible = 0;
			defaultConfigurationName = Release;
		};
		C67943F82CDBBFF9000B606C /* Build configuration list for PBXNativeTarget "Score Keeper" */ = {
			isa = XCConfigurationList;
			buildConfigurations = (
				C67943F92CDBBFF9000B606C /* Debug */,
				C67943FA2CDBBFF9000B606C /* Release */,
			);
			defaultConfigurationIsVisible = 0;
			defaultConfigurationName = Release;
		};
		C67943FD2CDBBFF9000B606C /* Build configuration list for PBXNativeTarget "Score KeeperTests" */ = {
			isa = XCConfigurationList;
			buildConfigurations = (
				C67943FE2CDBBFF9000B606C /* Debug */,
				C67943FF2CDBBFF9000B606C /* Release */,
			);
			defaultConfigurationIsVisible = 0;
			defaultConfigurationName = Release;
		};
		C67944002CDBBFF9000B606C /* Build configuration list for PBXNativeTarget "Score KeeperUITests" */ = {
			isa = XCConfigurationList;
			buildConfigurations = (
				C67944012CDBBFF9000B606C /* Debug */,
				C67944022CDBBFF9000B606C /* Release */,
			);
			defaultConfigurationIsVisible = 0;
			defaultConfigurationName = Release;
		};
/* End XCConfigurationList section */
	};
	rootObject = C67943C72CDBBFF8000B606C /* Project object */;
}
