// !$*UTF8*$!
{
	archiveVersion = 1;
	classes = {
	};
	objectVersion = 77;
	objects = {

/* Begin PBXContainerItemProxy section */
		C61AD76F2CD1235B00A8BE7E /* PBXContainerItemProxy */ = {
			isa = PBXContainerItemProxy;
			containerPortal = C61AD7502CD1235900A8BE7E /* Project object */;
			proxyType = 1;
			remoteGlobalIDString = C61AD7572CD1235900A8BE7E;
			remoteInfo = "Hotel Codables";
		};
		C61AD7792CD1235B00A8BE7E /* PBXContainerItemProxy */ = {
			isa = PBXContainerItemProxy;
			containerPortal = C61AD7502CD1235900A8BE7E /* Project object */;
			proxyType = 1;
			remoteGlobalIDString = C61AD7572CD1235900A8BE7E;
			remoteInfo = "Hotel Codables";
		};
/* End PBXContainerItemProxy section */

/* Begin PBXFileReference section */
		C61AD7582CD1235900A8BE7E /* Hotel Codables.app */ = {isa = PBXFileReference; explicitFileType = wrapper.application; includeInIndex = 0; path = "Hotel Codables.app"; sourceTree = BUILT_PRODUCTS_DIR; };
		C61AD76E2CD1235B00A8BE7E /* Hotel CodablesTests.xctest */ = {isa = PBXFileReference; explicitFileType = wrapper.cfbundle; includeInIndex = 0; path = "Hotel CodablesTests.xctest"; sourceTree = BUILT_PRODUCTS_DIR; };
		C61AD7782CD1235B00A8BE7E /* Hotel CodablesUITests.xctest */ = {isa = PBXFileReference; explicitFileType = wrapper.cfbundle; includeInIndex = 0; path = "Hotel CodablesUITests.xctest"; sourceTree = BUILT_PRODUCTS_DIR; };
/* End PBXFileReference section */

/* Begin PBXFileSystemSynchronizedBuildFileExceptionSet section */
		C61AD7802CD1235B00A8BE7E /* Exceptions for "Hotel Codables" folder in "Hotel Codables" target */ = {
			isa = PBXFileSystemSynchronizedBuildFileExceptionSet;
			membershipExceptions = (
				Info.plist,
			);
			target = C61AD7572CD1235900A8BE7E /* Hotel Codables */;
		};
/* End PBXFileSystemSynchronizedBuildFileExceptionSet section */

/* Begin PBXFileSystemSynchronizedRootGroup section */
		C61AD75A2CD1235900A8BE7E /* Hotel Codables */ = {
			isa = PBXFileSystemSynchronizedRootGroup;
			exceptions = (
				C61AD7802CD1235B00A8BE7E /* Exceptions for "Hotel Codables" folder in "Hotel Codables" target */,
			);
			path = "Hotel Codables";
			sourceTree = "<group>";
		};
		C61AD7712CD1235B00A8BE7E /* Hotel CodablesTests */ = {
			isa = PBXFileSystemSynchronizedRootGroup;
			path = "Hotel CodablesTests";
			sourceTree = "<group>";
		};
		C61AD77B2CD1235B00A8BE7E /* Hotel CodablesUITests */ = {
			isa = PBXFileSystemSynchronizedRootGroup;
			path = "Hotel CodablesUITests";
			sourceTree = "<group>";
		};
/* End PBXFileSystemSynchronizedRootGroup section */

/* Begin PBXFrameworksBuildPhase section */
		C61AD7552CD1235900A8BE7E /* Frameworks */ = {
			isa = PBXFrameworksBuildPhase;
			buildActionMask = 2147483647;
			files = (
			);
			runOnlyForDeploymentPostprocessing = 0;
		};
		C61AD76B2CD1235B00A8BE7E /* Frameworks */ = {
			isa = PBXFrameworksBuildPhase;
			buildActionMask = 2147483647;
			files = (
			);
			runOnlyForDeploymentPostprocessing = 0;
		};
		C61AD7752CD1235B00A8BE7E /* Frameworks */ = {
			isa = PBXFrameworksBuildPhase;
			buildActionMask = 2147483647;
			files = (
			);
			runOnlyForDeploymentPostprocessing = 0;
		};
/* End PBXFrameworksBuildPhase section */

/* Begin PBXGroup section */
		C61AD74F2CD1235900A8BE7E = {
			isa = PBXGroup;
			children = (
				C61AD75A2CD1235900A8BE7E /* Hotel Codables */,
				C61AD7712CD1235B00A8BE7E /* Hotel CodablesTests */,
				C61AD77B2CD1235B00A8BE7E /* Hotel CodablesUITests */,
				C61AD7592CD1235900A8BE7E /* Products */,
			);
			sourceTree = "<group>";
		};
		C61AD7592CD1235900A8BE7E /* Products */ = {
			isa = PBXGroup;
			children = (
				C61AD7582CD1235900A8BE7E /* Hotel Codables.app */,
				C61AD76E2CD1235B00A8BE7E /* Hotel CodablesTests.xctest */,
				C61AD7782CD1235B00A8BE7E /* Hotel CodablesUITests.xctest */,
			);
			name = Products;
			sourceTree = "<group>";
		};
/* End PBXGroup section */

/* Begin PBXNativeTarget section */
		C61AD7572CD1235900A8BE7E /* Hotel Codables */ = {
			isa = PBXNativeTarget;
			buildConfigurationList = C61AD7812CD1235B00A8BE7E /* Build configuration list for PBXNativeTarget "Hotel Codables" */;
			buildPhases = (
				C61AD7542CD1235900A8BE7E /* Sources */,
				C61AD7552CD1235900A8BE7E /* Frameworks */,
				C61AD7562CD1235900A8BE7E /* Resources */,
			);
			buildRules = (
			);
			dependencies = (
			);
			fileSystemSynchronizedGroups = (
				C61AD75A2CD1235900A8BE7E /* Hotel Codables */,
			);
			name = "Hotel Codables";
			packageProductDependencies = (
			);
			productName = "Hotel Codables";
			productReference = C61AD7582CD1235900A8BE7E /* Hotel Codables.app */;
			productType = "com.apple.product-type.application";
		};
		C61AD76D2CD1235B00A8BE7E /* Hotel CodablesTests */ = {
			isa = PBXNativeTarget;
			buildConfigurationList = C61AD7862CD1235B00A8BE7E /* Build configuration list for PBXNativeTarget "Hotel CodablesTests" */;
			buildPhases = (
				C61AD76A2CD1235B00A8BE7E /* Sources */,
				C61AD76B2CD1235B00A8BE7E /* Frameworks */,
				C61AD76C2CD1235B00A8BE7E /* Resources */,
			);
			buildRules = (
			);
			dependencies = (
				C61AD7702CD1235B00A8BE7E /* PBXTargetDependency */,
			);
			fileSystemSynchronizedGroups = (
				C61AD7712CD1235B00A8BE7E /* Hotel CodablesTests */,
			);
			name = "Hotel CodablesTests";
			packageProductDependencies = (
			);
			productName = "Hotel CodablesTests";
			productReference = C61AD76E2CD1235B00A8BE7E /* Hotel CodablesTests.xctest */;
			productType = "com.apple.product-type.bundle.unit-test";
		};
		C61AD7772CD1235B00A8BE7E /* Hotel CodablesUITests */ = {
			isa = PBXNativeTarget;
			buildConfigurationList = C61AD7892CD1235B00A8BE7E /* Build configuration list for PBXNativeTarget "Hotel CodablesUITests" */;
			buildPhases = (
				C61AD7742CD1235B00A8BE7E /* Sources */,
				C61AD7752CD1235B00A8BE7E /* Frameworks */,
				C61AD7762CD1235B00A8BE7E /* Resources */,
			);
			buildRules = (
			);
			dependencies = (
				C61AD77A2CD1235B00A8BE7E /* PBXTargetDependency */,
			);
			fileSystemSynchronizedGroups = (
				C61AD77B2CD1235B00A8BE7E /* Hotel CodablesUITests */,
			);
			name = "Hotel CodablesUITests";
			packageProductDependencies = (
			);
			productName = "Hotel CodablesUITests";
			productReference = C61AD7782CD1235B00A8BE7E /* Hotel CodablesUITests.xctest */;
			productType = "com.apple.product-type.bundle.ui-testing";
		};
/* End PBXNativeTarget section */

/* Begin PBXProject section */
		C61AD7502CD1235900A8BE7E /* Project object */ = {
			isa = PBXProject;
			attributes = {
				BuildIndependentTargetsInParallel = 1;
				LastSwiftUpdateCheck = 1600;
				LastUpgradeCheck = 1600;
				TargetAttributes = {
					C61AD7572CD1235900A8BE7E = {
						CreatedOnToolsVersion = 16.0;
					};
					C61AD76D2CD1235B00A8BE7E = {
						CreatedOnToolsVersion = 16.0;
						TestTargetID = C61AD7572CD1235900A8BE7E;
					};
					C61AD7772CD1235B00A8BE7E = {
						CreatedOnToolsVersion = 16.0;
						TestTargetID = C61AD7572CD1235900A8BE7E;
					};
				};
			};
			buildConfigurationList = C61AD7532CD1235900A8BE7E /* Build configuration list for PBXProject "Hotel Codables" */;
			developmentRegion = en;
			hasScannedForEncodings = 0;
			knownRegions = (
				en,
				Base,
			);
			mainGroup = C61AD74F2CD1235900A8BE7E;
			minimizedProjectReferenceProxies = 1;
			preferredProjectObjectVersion = 77;
			productRefGroup = C61AD7592CD1235900A8BE7E /* Products */;
			projectDirPath = "";
			projectRoot = "";
			targets = (
				C61AD7572CD1235900A8BE7E /* Hotel Codables */,
				C61AD76D2CD1235B00A8BE7E /* Hotel CodablesTests */,
				C61AD7772CD1235B00A8BE7E /* Hotel CodablesUITests */,
			);
		};
/* End PBXProject section */

/* Begin PBXResourcesBuildPhase section */
		C61AD7562CD1235900A8BE7E /* Resources */ = {
			isa = PBXResourcesBuildPhase;
			buildActionMask = 2147483647;
			files = (
			);
			runOnlyForDeploymentPostprocessing = 0;
		};
		C61AD76C2CD1235B00A8BE7E /* Resources */ = {
			isa = PBXResourcesBuildPhase;
			buildActionMask = 2147483647;
			files = (
			);
			runOnlyForDeploymentPostprocessing = 0;
		};
		C61AD7762CD1235B00A8BE7E /* Resources */ = {
			isa = PBXResourcesBuildPhase;
			buildActionMask = 2147483647;
			files = (
			);
			runOnlyForDeploymentPostprocessing = 0;
		};
/* End PBXResourcesBuildPhase section */

/* Begin PBXSourcesBuildPhase section */
		C61AD7542CD1235900A8BE7E /* Sources */ = {
			isa = PBXSourcesBuildPhase;
			buildActionMask = 2147483647;
			files = (
			);
			runOnlyForDeploymentPostprocessing = 0;
		};
		C61AD76A2CD1235B00A8BE7E /* Sources */ = {
			isa = PBXSourcesBuildPhase;
			buildActionMask = 2147483647;
			files = (
			);
			runOnlyForDeploymentPostprocessing = 0;
		};
		C61AD7742CD1235B00A8BE7E /* Sources */ = {
			isa = PBXSourcesBuildPhase;
			buildActionMask = 2147483647;
			files = (
			);
			runOnlyForDeploymentPostprocessing = 0;
		};
/* End PBXSourcesBuildPhase section */

/* Begin PBXTargetDependency section */
		C61AD7702CD1235B00A8BE7E /* PBXTargetDependency */ = {
			isa = PBXTargetDependency;
			target = C61AD7572CD1235900A8BE7E /* Hotel Codables */;
			targetProxy = C61AD76F2CD1235B00A8BE7E /* PBXContainerItemProxy */;
		};
		C61AD77A2CD1235B00A8BE7E /* PBXTargetDependency */ = {
			isa = PBXTargetDependency;
			target = C61AD7572CD1235900A8BE7E /* Hotel Codables */;
			targetProxy = C61AD7792CD1235B00A8BE7E /* PBXContainerItemProxy */;
		};
/* End PBXTargetDependency section */

/* Begin XCBuildConfiguration section */
		C61AD7822CD1235B00A8BE7E /* Debug */ = {
			isa = XCBuildConfiguration;
			buildSettings = {
				ASSETCATALOG_COMPILER_APPICON_NAME = AppIcon;
				ASSETCATALOG_COMPILER_GLOBAL_ACCENT_COLOR_NAME = AccentColor;
				CODE_SIGN_STYLE = Automatic;
				CURRENT_PROJECT_VERSION = 1;
				GENERATE_INFOPLIST_FILE = YES;
				INFOPLIST_FILE = "Hotel Codables/Info.plist";
				INFOPLIST_KEY_UIApplicationSupportsIndirectInputEvents = YES;
				INFOPLIST_KEY_UILaunchStoryboardName = LaunchScreen;
				INFOPLIST_KEY_UIMainStoryboardFile = Main;
				INFOPLIST_KEY_UISupportedInterfaceOrientations_iPad = "UIInterfaceOrientationPortrait UIInterfaceOrientationPortraitUpsideDown UIInterfaceOrientationLandscapeLeft UIInterfaceOrientationLandscapeRight";
				INFOPLIST_KEY_UISupportedInterfaceOrientations_iPhone = "UIInterfaceOrientationPortrait UIInterfaceOrientationLandscapeLeft UIInterfaceOrientationLandscapeRight";
				LD_RUNPATH_SEARCH_PATHS = (
					"$(inherited)",
					"@executable_path/Frameworks",
				);
				MARKETING_VERSION = 1.0;
				PRODUCT_BUNDLE_IDENTIFIER = "test.Hotel-Codables";
				PRODUCT_NAME = "$(TARGET_NAME)";
				SWIFT_EMIT_LOC_STRINGS = YES;
				SWIFT_VERSION = 5.0;
				TARGETED_DEVICE_FAMILY = "1,2";
			};
			name = Debug;
		};
		C61AD7832CD1235B00A8BE7E /* Release */ = {
			isa = XCBuildConfiguration;
			buildSettings = {
				ASSETCATALOG_COMPILER_APPICON_NAME = AppIcon;
				ASSETCATALOG_COMPILER_GLOBAL_ACCENT_COLOR_NAME = AccentColor;
				CODE_SIGN_STYLE = Automatic;
				CURRENT_PROJECT_VERSION = 1;
				GENERATE_INFOPLIST_FILE = YES;
				INFOPLIST_FILE = "Hotel Codables/Info.plist";
				INFOPLIST_KEY_UIApplicationSupportsIndirectInputEvents = YES;
				INFOPLIST_KEY_UILaunchStoryboardName = LaunchScreen;
				INFOPLIST_KEY_UIMainStoryboardFile = Main;
				INFOPLIST_KEY_UISupportedInterfaceOrientations_iPad = "UIInterfaceOrientationPortrait UIInterfaceOrientationPortraitUpsideDown UIInterfaceOrientationLandscapeLeft UIInterfaceOrientationLandscapeRight";
				INFOPLIST_KEY_UISupportedInterfaceOrientations_iPhone = "UIInterfaceOrientationPortrait UIInterfaceOrientationLandscapeLeft UIInterfaceOrientationLandscapeRight";
				LD_RUNPATH_SEARCH_PATHS = (
					"$(inherited)",
					"@executable_path/Frameworks",
				);
				MARKETING_VERSION = 1.0;
				PRODUCT_BUNDLE_IDENTIFIER = "test.Hotel-Codables";
				PRODUCT_NAME = "$(TARGET_NAME)";
				SWIFT_EMIT_LOC_STRINGS = YES;
				SWIFT_VERSION = 5.0;
				TARGETED_DEVICE_FAMILY = "1,2";
			};
			name = Release;
		};
		C61AD7842CD1235B00A8BE7E /* Debug */ = {
			isa = XCBuildConfiguration;
			buildSettings = {
				ALWAYS_SEARCH_USER_PATHS = NO;
				ASSETCATALOG_COMPILER_GENERATE_SWIFT_ASSET_SYMBOL_EXTENSIONS = YES;
				CLANG_ANALYZER_NONNULL = YES;
				CLANG_ANALYZER_NUMBER_OBJECT_CONVERSION = YES_AGGRESSIVE;
				CLANG_CXX_LANGUAGE_STANDARD = "gnu++20";
				CLANG_ENABLE_MODULES = YES;
				CLANG_ENABLE_OBJC_ARC = YES;
				CLANG_ENABLE_OBJC_WEAK = YES;
				CLANG_WARN_BLOCK_CAPTURE_AUTORELEASING = YES;
				CLANG_WARN_BOOL_CONVERSION = YES;
				CLANG_WARN_COMMA = YES;
				CLANG_WARN_CONSTANT_CONVERSION = YES;
				CLANG_WARN_DEPRECATED_OBJC_IMPLEMENTATIONS = YES;
				CLANG_WARN_DIRECT_OBJC_ISA_USAGE = YES_ERROR;
				CLANG_WARN_DOCUMENTATION_COMMENTS = YES;
				CLANG_WARN_EMPTY_BODY = YES;
				CLANG_WARN_ENUM_CONVERSION = YES;
				CLANG_WARN_INFINITE_RECURSION = YES;
				CLANG_WARN_INT_CONVERSION = YES;
				CLANG_WARN_NON_LITERAL_NULL_CONVERSION = YES;
				CLANG_WARN_OBJC_IMPLICIT_RETAIN_SELF = YES;
				CLANG_WARN_OBJC_LITERAL_CONVERSION = YES;
				CLANG_WARN_OBJC_ROOT_CLASS = YES_ERROR;
				CLANG_WARN_QUOTED_INCLUDE_IN_FRAMEWORK_HEADER = YES;
				CLANG_WARN_RANGE_LOOP_ANALYSIS = YES;
				CLANG_WARN_STRICT_PROTOTYPES = YES;
				CLANG_WARN_SUSPICIOUS_MOVE = YES;
				CLANG_WARN_UNGUARDED_AVAILABILITY = YES_AGGRESSIVE;
				CLANG_WARN_UNREACHABLE_CODE = YES;
				CLANG_WARN__DUPLICATE_METHOD_MATCH = YES;
				COPY_PHASE_STRIP = NO;
				DEBUG_INFORMATION_FORMAT = dwarf;
				ENABLE_STRICT_OBJC_MSGSEND = YES;
				ENABLE_TESTABILITY = YES;
				ENABLE_USER_SCRIPT_SANDBOXING = YES;
				GCC_C_LANGUAGE_STANDARD = gnu17;
				GCC_DYNAMIC_NO_PIC = NO;
				GCC_NO_COMMON_BLOCKS = YES;
				GCC_OPTIMIZATION_LEVEL = 0;
				GCC_PREPROCESSOR_DEFINITIONS = (
					"DEBUG=1",
					"$(inherited)",
				);
				GCC_WARN_64_TO_32_BIT_CONVERSION = YES;
				GCC_WARN_ABOUT_RETURN_TYPE = YES_ERROR;
				GCC_WARN_UNDECLARED_SELECTOR = YES;
				GCC_WARN_UNINITIALIZED_AUTOS = YES_AGGRESSIVE;
				GCC_WARN_UNUSED_FUNCTION = YES;
				GCC_WARN_UNUSED_VARIABLE = YES;
				IPHONEOS_DEPLOYMENT_TARGET = 18.0;
				LOCALIZATION_PREFERS_STRING_CATALOGS = YES;
				MTL_ENABLE_DEBUG_INFO = INCLUDE_SOURCE;
				MTL_FAST_MATH = YES;
				ONLY_ACTIVE_ARCH = YES;
				SDKROOT = iphoneos;
				SWIFT_ACTIVE_COMPILATION_CONDITIONS = "DEBUG $(inherited)";
				SWIFT_OPTIMIZATION_LEVEL = "-Onone";
			};
			name = Debug;
		};
		C61AD7852CD1235B00A8BE7E /* Release */ = {
			isa = XCBuildConfiguration;
			buildSettings = {
				ALWAYS_SEARCH_USER_PATHS = NO;
				ASSETCATALOG_COMPILER_GENERATE_SWIFT_ASSET_SYMBOL_EXTENSIONS = YES;
				CLANG_ANALYZER_NONNULL = YES;
				CLANG_ANALYZER_NUMBER_OBJECT_CONVERSION = YES_AGGRESSIVE;
				CLANG_CXX_LANGUAGE_STANDARD = "gnu++20";
				CLANG_ENABLE_MODULES = YES;
				CLANG_ENABLE_OBJC_ARC = YES;
				CLANG_ENABLE_OBJC_WEAK = YES;
				CLANG_WARN_BLOCK_CAPTURE_AUTORELEASING = YES;
				CLANG_WARN_BOOL_CONVERSION = YES;
				CLANG_WARN_COMMA = YES;
				CLANG_WARN_CONSTANT_CONVERSION = YES;
				CLANG_WARN_DEPRECATED_OBJC_IMPLEMENTATIONS = YES;
				CLANG_WARN_DIRECT_OBJC_ISA_USAGE = YES_ERROR;
				CLANG_WARN_DOCUMENTATION_COMMENTS = YES;
				CLANG_WARN_EMPTY_BODY = YES;
				CLANG_WARN_ENUM_CONVERSION = YES;
				CLANG_WARN_INFINITE_RECURSION = YES;
				CLANG_WARN_INT_CONVERSION = YES;
				CLANG_WARN_NON_LITERAL_NULL_CONVERSION = YES;
				CLANG_WARN_OBJC_IMPLICIT_RETAIN_SELF = YES;
				CLANG_WARN_OBJC_LITERAL_CONVERSION = YES;
				CLANG_WARN_OBJC_ROOT_CLASS = YES_ERROR;
				CLANG_WARN_QUOTED_INCLUDE_IN_FRAMEWORK_HEADER = YES;
				CLANG_WARN_RANGE_LOOP_ANALYSIS = YES;
				CLANG_WARN_STRICT_PROTOTYPES = YES;
				CLANG_WARN_SUSPICIOUS_MOVE = YES;
				CLANG_WARN_UNGUARDED_AVAILABILITY = YES_AGGRESSIVE;
				CLANG_WARN_UNREACHABLE_CODE = YES;
				CLANG_WARN__DUPLICATE_METHOD_MATCH = YES;
				COPY_PHASE_STRIP = NO;
				DEBUG_INFORMATION_FORMAT = "dwarf-with-dsym";
				ENABLE_NS_ASSERTIONS = NO;
				ENABLE_STRICT_OBJC_MSGSEND = YES;
				ENABLE_USER_SCRIPT_SANDBOXING = YES;
				GCC_C_LANGUAGE_STANDARD = gnu17;
				GCC_NO_COMMON_BLOCKS = YES;
				GCC_WARN_64_TO_32_BIT_CONVERSION = YES;
				GCC_WARN_ABOUT_RETURN_TYPE = YES_ERROR;
				GCC_WARN_UNDECLARED_SELECTOR = YES;
				GCC_WARN_UNINITIALIZED_AUTOS = YES_AGGRESSIVE;
				GCC_WARN_UNUSED_FUNCTION = YES;
				GCC_WARN_UNUSED_VARIABLE = YES;
				IPHONEOS_DEPLOYMENT_TARGET = 18.0;
				LOCALIZATION_PREFERS_STRING_CATALOGS = YES;
				MTL_ENABLE_DEBUG_INFO = NO;
				MTL_FAST_MATH = YES;
				SDKROOT = iphoneos;
				SWIFT_COMPILATION_MODE = wholemodule;
				VALIDATE_PRODUCT = YES;
			};
			name = Release;
		};
		C61AD7872CD1235B00A8BE7E /* Debug */ = {
			isa = XCBuildConfiguration;
			buildSettings = {
				BUNDLE_LOADER = "$(TEST_HOST)";
				CODE_SIGN_STYLE = Automatic;
				CURRENT_PROJECT_VERSION = 1;
				GENERATE_INFOPLIST_FILE = YES;
				IPHONEOS_DEPLOYMENT_TARGET = 18.0;
				MARKETING_VERSION = 1.0;
				PRODUCT_BUNDLE_IDENTIFIER = "test.Hotel-CodablesTests";
				PRODUCT_NAME = "$(TARGET_NAME)";
				SWIFT_EMIT_LOC_STRINGS = NO;
				SWIFT_VERSION = 5.0;
				TARGETED_DEVICE_FAMILY = "1,2";
				TEST_HOST = "$(BUILT_PRODUCTS_DIR)/Hotel Codables.app/$(BUNDLE_EXECUTABLE_FOLDER_PATH)/Hotel Codables";
			};
			name = Debug;
		};
		C61AD7882CD1235B00A8BE7E /* Release */ = {
			isa = XCBuildConfiguration;
			buildSettings = {
				BUNDLE_LOADER = "$(TEST_HOST)";
				CODE_SIGN_STYLE = Automatic;
				CURRENT_PROJECT_VERSION = 1;
				GENERATE_INFOPLIST_FILE = YES;
				IPHONEOS_DEPLOYMENT_TARGET = 18.0;
				MARKETING_VERSION = 1.0;
				PRODUCT_BUNDLE_IDENTIFIER = "test.Hotel-CodablesTests";
				PRODUCT_NAME = "$(TARGET_NAME)";
				SWIFT_EMIT_LOC_STRINGS = NO;
				SWIFT_VERSION = 5.0;
				TARGETED_DEVICE_FAMILY = "1,2";
				TEST_HOST = "$(BUILT_PRODUCTS_DIR)/Hotel Codables.app/$(BUNDLE_EXECUTABLE_FOLDER_PATH)/Hotel Codables";
			};
			name = Release;
		};
		C61AD78A2CD1235B00A8BE7E /* Debug */ = {
			isa = XCBuildConfiguration;
			buildSettings = {
				CODE_SIGN_STYLE = Automatic;
				CURRENT_PROJECT_VERSION = 1;
				GENERATE_INFOPLIST_FILE = YES;
				MARKETING_VERSION = 1.0;
				PRODUCT_BUNDLE_IDENTIFIER = "test.Hotel-CodablesUITests";
				PRODUCT_NAME = "$(TARGET_NAME)";
				SWIFT_EMIT_LOC_STRINGS = NO;
				SWIFT_VERSION = 5.0;
				TARGETED_DEVICE_FAMILY = "1,2";
				TEST_TARGET_NAME = "Hotel Codables";
			};
			name = Debug;
		};
		C61AD78B2CD1235B00A8BE7E /* Release */ = {
			isa = XCBuildConfiguration;
			buildSettings = {
				CODE_SIGN_STYLE = Automatic;
				CURRENT_PROJECT_VERSION = 1;
				GENERATE_INFOPLIST_FILE = YES;
				MARKETING_VERSION = 1.0;
				PRODUCT_BUNDLE_IDENTIFIER = "test.Hotel-CodablesUITests";
				PRODUCT_NAME = "$(TARGET_NAME)";
				SWIFT_EMIT_LOC_STRINGS = NO;
				SWIFT_VERSION = 5.0;
				TARGETED_DEVICE_FAMILY = "1,2";
				TEST_TARGET_NAME = "Hotel Codables";
			};
			name = Release;
		};
/* End XCBuildConfiguration section */

/* Begin XCConfigurationList section */
		C61AD7532CD1235900A8BE7E /* Build configuration list for PBXProject "Hotel Codables" */ = {
			isa = XCConfigurationList;
			buildConfigurations = (
				C61AD7842CD1235B00A8BE7E /* Debug */,
				C61AD7852CD1235B00A8BE7E /* Release */,
			);
			defaultConfigurationIsVisible = 0;
			defaultConfigurationName = Release;
		};
		C61AD7812CD1235B00A8BE7E /* Build configuration list for PBXNativeTarget "Hotel Codables" */ = {
			isa = XCConfigurationList;
			buildConfigurations = (
				C61AD7822CD1235B00A8BE7E /* Debug */,
				C61AD7832CD1235B00A8BE7E /* Release */,
			);
			defaultConfigurationIsVisible = 0;
			defaultConfigurationName = Release;
		};
		C61AD7862CD1235B00A8BE7E /* Build configuration list for PBXNativeTarget "Hotel CodablesTests" */ = {
			isa = XCConfigurationList;
			buildConfigurations = (
				C61AD7872CD1235B00A8BE7E /* Debug */,
				C61AD7882CD1235B00A8BE7E /* Release */,
			);
			defaultConfigurationIsVisible = 0;
			defaultConfigurationName = Release;
		};
		C61AD7892CD1235B00A8BE7E /* Build configuration list for PBXNativeTarget "Hotel CodablesUITests" */ = {
			isa = XCConfigurationList;
			buildConfigurations = (
				C61AD78A2CD1235B00A8BE7E /* Debug */,
				C61AD78B2CD1235B00A8BE7E /* Release */,
			);
			defaultConfigurationIsVisible = 0;
			defaultConfigurationName = Release;
		};
/* End XCConfigurationList section */
	};
	rootObject = C61AD7502CD1235900A8BE7E /* Project object */;
}
