// !$*UTF8*$!
{
	archiveVersion = 1;
	classes = {
	};
	objectVersion = 56;
	objects = {

/* Begin PBXBuildFile section */
		C61B120E2C9C6D78006468F7 /* AppDelegate.swift in Sources */ = {isa = PBXBuildFile; fileRef = C61B120D2C9C6D78006468F7 /* AppDelegate.swift */; };
		C61B12102C9C6D78006468F7 /* SceneDelegate.swift in Sources */ = {isa = PBXBuildFile; fileRef = C61B120F2C9C6D78006468F7 /* SceneDelegate.swift */; };
		C61B12122C9C6D78006468F7 /* ViewController.swift in Sources */ = {isa = PBXBuildFile; fileRef = C61B12112C9C6D78006468F7 /* ViewController.swift */; };
		C61B12152C9C6D79006468F7 /* Base in Resources */ = {isa = PBXBuildFile; fileRef = C61B12142C9C6D79006468F7 /* Base */; };
		C61B12172C9C6D79006468F7 /* Assets.xcassets in Resources */ = {isa = PBXBuildFile; fileRef = C61B12162C9C6D79006468F7 /* Assets.xcassets */; };
		C61B121A2C9C6D79006468F7 /* Base in Resources */ = {isa = PBXBuildFile; fileRef = C61B12192C9C6D79006468F7 /* Base */; };
		C61B12252C9C6D79006468F7 /* OrderOfEventsTests.swift in Sources */ = {isa = PBXBuildFile; fileRef = C61B12242C9C6D79006468F7 /* OrderOfEventsTests.swift */; };
		C61B122F2C9C6D79006468F7 /* OrderOfEventsUITests.swift in Sources */ = {isa = PBXBuildFile; fileRef = C61B122E2C9C6D79006468F7 /* OrderOfEventsUITests.swift */; };
		C61B12312C9C6D79006468F7 /* OrderOfEventsUITestsLaunchTests.swift in Sources */ = {isa = PBXBuildFile; fileRef = C61B12302C9C6D79006468F7 /* OrderOfEventsUITestsLaunchTests.swift */; };
		C61B123E2C9C6E8B006468F7 /* MiddleViewController.swift in Sources */ = {isa = PBXBuildFile; fileRef = C61B123D2C9C6E8B006468F7 /* MiddleViewController.swift */; };
		C61B12402C9C6E99006468F7 /* LastViewController.swift in Sources */ = {isa = PBXBuildFile; fileRef = C61B123F2C9C6E99006468F7 /* LastViewController.swift */; };
/* End PBXBuildFile section */

/* Begin PBXContainerItemProxy section */
		C61B12212C9C6D79006468F7 /* PBXContainerItemProxy */ = {
			isa = PBXContainerItemProxy;
			containerPortal = C61B12022C9C6D78006468F7 /* Project object */;
			proxyType = 1;
			remoteGlobalIDString = C61B12092C9C6D78006468F7;
			remoteInfo = OrderOfEvents;
		};
		C61B122B2C9C6D79006468F7 /* PBXContainerItemProxy */ = {
			isa = PBXContainerItemProxy;
			containerPortal = C61B12022C9C6D78006468F7 /* Project object */;
			proxyType = 1;
			remoteGlobalIDString = C61B12092C9C6D78006468F7;
			remoteInfo = OrderOfEvents;
		};
/* End PBXContainerItemProxy section */

/* Begin PBXFileReference section */
		C61B120A2C9C6D78006468F7 /* OrderOfEvents.app */ = {isa = PBXFileReference; explicitFileType = wrapper.application; includeInIndex = 0; path = OrderOfEvents.app; sourceTree = BUILT_PRODUCTS_DIR; };
		C61B120D2C9C6D78006468F7 /* AppDelegate.swift */ = {isa = PBXFileReference; lastKnownFileType = sourcecode.swift; path = AppDelegate.swift; sourceTree = "<group>"; };
		C61B120F2C9C6D78006468F7 /* SceneDelegate.swift */ = {isa = PBXFileReference; lastKnownFileType = sourcecode.swift; path = SceneDelegate.swift; sourceTree = "<group>"; };
		C61B12112C9C6D78006468F7 /* ViewController.swift */ = {isa = PBXFileReference; lastKnownFileType = sourcecode.swift; path = ViewController.swift; sourceTree = "<group>"; };
		C61B12142C9C6D79006468F7 /* Base */ = {isa = PBXFileReference; lastKnownFileType = file.storyboard; name = Base; path = Base.lproj/Main.storyboard; sourceTree = "<group>"; };
		C61B12162C9C6D79006468F7 /* Assets.xcassets */ = {isa = PBXFileReference; lastKnownFileType = folder.assetcatalog; path = Assets.xcassets; sourceTree = "<group>"; };
		C61B12192C9C6D79006468F7 /* Base */ = {isa = PBXFileReference; lastKnownFileType = file.storyboard; name = Base; path = Base.lproj/LaunchScreen.storyboard; sourceTree = "<group>"; };
		C61B121B2C9C6D79006468F7 /* Info.plist */ = {isa = PBXFileReference; lastKnownFileType = text.plist.xml; path = Info.plist; sourceTree = "<group>"; };
		C61B12202C9C6D79006468F7 /* OrderOfEventsTests.xctest */ = {isa = PBXFileReference; explicitFileType = wrapper.cfbundle; includeInIndex = 0; path = OrderOfEventsTests.xctest; sourceTree = BUILT_PRODUCTS_DIR; };
		C61B12242C9C6D79006468F7 /* OrderOfEventsTests.swift */ = {isa = PBXFileReference; lastKnownFileType = sourcecode.swift; path = OrderOfEventsTests.swift; sourceTree = "<group>"; };
		C61B122A2C9C6D79006468F7 /* OrderOfEventsUITests.xctest */ = {isa = PBXFileReference; explicitFileType = wrapper.cfbundle; includeInIndex = 0; path = OrderOfEventsUITests.xctest; sourceTree = BUILT_PRODUCTS_DIR; };
		C61B122E2C9C6D79006468F7 /* OrderOfEventsUITests.swift */ = {isa = PBXFileReference; lastKnownFileType = sourcecode.swift; path = OrderOfEventsUITests.swift; sourceTree = "<group>"; };
		C61B12302C9C6D79006468F7 /* OrderOfEventsUITestsLaunchTests.swift */ = {isa = PBXFileReference; lastKnownFileType = sourcecode.swift; path = OrderOfEventsUITestsLaunchTests.swift; sourceTree = "<group>"; };
		C61B123D2C9C6E8B006468F7 /* MiddleViewController.swift */ = {isa = PBXFileReference; lastKnownFileType = sourcecode.swift; path = MiddleViewController.swift; sourceTree = "<group>"; };
		C61B123F2C9C6E99006468F7 /* LastViewController.swift */ = {isa = PBXFileReference; lastKnownFileType = sourcecode.swift; path = LastViewController.swift; sourceTree = "<group>"; };
/* End PBXFileReference section */

/* Begin PBXFrameworksBuildPhase section */
		C61B12072C9C6D78006468F7 /* Frameworks */ = {
			isa = PBXFrameworksBuildPhase;
			buildActionMask = 2147483647;
			files = (
			);
			runOnlyForDeploymentPostprocessing = 0;
		};
		C61B121D2C9C6D79006468F7 /* Frameworks */ = {
			isa = PBXFrameworksBuildPhase;
			buildActionMask = 2147483647;
			files = (
			);
			runOnlyForDeploymentPostprocessing = 0;
		};
		C61B12272C9C6D79006468F7 /* Frameworks */ = {
			isa = PBXFrameworksBuildPhase;
			buildActionMask = 2147483647;
			files = (
			);
			runOnlyForDeploymentPostprocessing = 0;
		};
/* End PBXFrameworksBuildPhase section */

/* Begin PBXGroup section */
		C61B12012C9C6D78006468F7 = {
			isa = PBXGroup;
			children = (
				C61B120C2C9C6D78006468F7 /* OrderOfEvents */,
				C61B12232C9C6D79006468F7 /* OrderOfEventsTests */,
				C61B122D2C9C6D79006468F7 /* OrderOfEventsUITests */,
				C61B120B2C9C6D78006468F7 /* Products */,
			);
			sourceTree = "<group>";
		};
		C61B120B2C9C6D78006468F7 /* Products */ = {
			isa = PBXGroup;
			children = (
				C61B120A2C9C6D78006468F7 /* OrderOfEvents.app */,
				C61B12202C9C6D79006468F7 /* OrderOfEventsTests.xctest */,
				C61B122A2C9C6D79006468F7 /* OrderOfEventsUITests.xctest */,
			);
			name = Products;
			sourceTree = "<group>";
		};
		C61B120C2C9C6D78006468F7 /* OrderOfEvents */ = {
			isa = PBXGroup;
			children = (
				C61B123F2C9C6E99006468F7 /* LastViewController.swift */,
				C61B123D2C9C6E8B006468F7 /* MiddleViewController.swift */,
				C61B120D2C9C6D78006468F7 /* AppDelegate.swift */,
				C61B120F2C9C6D78006468F7 /* SceneDelegate.swift */,
				C61B12132C9C6D79006468F7 /* Main.storyboard */,
				C61B12112C9C6D78006468F7 /* ViewController.swift */,
				C61B12162C9C6D79006468F7 /* Assets.xcassets */,
				C61B12182C9C6D79006468F7 /* LaunchScreen.storyboard */,
				C61B121B2C9C6D79006468F7 /* Info.plist */,
			);
			path = OrderOfEvents;
			sourceTree = "<group>";
		};
		C61B12232C9C6D79006468F7 /* OrderOfEventsTests */ = {
			isa = PBXGroup;
			children = (
				C61B12242C9C6D79006468F7 /* OrderOfEventsTests.swift */,
			);
			path = OrderOfEventsTests;
			sourceTree = "<group>";
		};
		C61B122D2C9C6D79006468F7 /* OrderOfEventsUITests */ = {
			isa = PBXGroup;
			children = (
				C61B122E2C9C6D79006468F7 /* OrderOfEventsUITests.swift */,
				C61B12302C9C6D79006468F7 /* OrderOfEventsUITestsLaunchTests.swift */,
			);
			path = OrderOfEventsUITests;
			sourceTree = "<group>";
		};
/* End PBXGroup section */

/* Begin PBXNativeTarget section */
		C61B12092C9C6D78006468F7 /* OrderOfEvents */ = {
			isa = PBXNativeTarget;
			buildConfigurationList = C61B12342C9C6D79006468F7 /* Build configuration list for PBXNativeTarget "OrderOfEvents" */;
			buildPhases = (
				C61B12062C9C6D78006468F7 /* Sources */,
				C61B12072C9C6D78006468F7 /* Frameworks */,
				C61B12082C9C6D78006468F7 /* Resources */,
			);
			buildRules = (
			);
			dependencies = (
			);
			name = OrderOfEvents;
			productName = OrderOfEvents;
			productReference = C61B120A2C9C6D78006468F7 /* OrderOfEvents.app */;
			productType = "com.apple.product-type.application";
		};
		C61B121F2C9C6D79006468F7 /* OrderOfEventsTests */ = {
			isa = PBXNativeTarget;
			buildConfigurationList = C61B12372C9C6D79006468F7 /* Build configuration list for PBXNativeTarget "OrderOfEventsTests" */;
			buildPhases = (
				C61B121C2C9C6D79006468F7 /* Sources */,
				C61B121D2C9C6D79006468F7 /* Frameworks */,
				C61B121E2C9C6D79006468F7 /* Resources */,
			);
			buildRules = (
			);
			dependencies = (
				C61B12222C9C6D79006468F7 /* PBXTargetDependency */,
			);
			name = OrderOfEventsTests;
			productName = OrderOfEventsTests;
			productReference = C61B12202C9C6D79006468F7 /* OrderOfEventsTests.xctest */;
			productType = "com.apple.product-type.bundle.unit-test";
		};
		C61B12292C9C6D79006468F7 /* OrderOfEventsUITests */ = {
			isa = PBXNativeTarget;
			buildConfigurationList = C61B123A2C9C6D79006468F7 /* Build configuration list for PBXNativeTarget "OrderOfEventsUITests" */;
			buildPhases = (
				C61B12262C9C6D79006468F7 /* Sources */,
				C61B12272C9C6D79006468F7 /* Frameworks */,
				C61B12282C9C6D79006468F7 /* Resources */,
			);
			buildRules = (
			);
			dependencies = (
				C61B122C2C9C6D79006468F7 /* PBXTargetDependency */,
			);
			name = OrderOfEventsUITests;
			productName = OrderOfEventsUITests;
			productReference = C61B122A2C9C6D79006468F7 /* OrderOfEventsUITests.xctest */;
			productType = "com.apple.product-type.bundle.ui-testing";
		};
/* End PBXNativeTarget section */

/* Begin PBXProject section */
		C61B12022C9C6D78006468F7 /* Project object */ = {
			isa = PBXProject;
			attributes = {
				BuildIndependentTargetsInParallel = 1;
				LastSwiftUpdateCheck = 1540;
				LastUpgradeCheck = 1540;
				TargetAttributes = {
					C61B12092C9C6D78006468F7 = {
						CreatedOnToolsVersion = 15.4;
					};
					C61B121F2C9C6D79006468F7 = {
						CreatedOnToolsVersion = 15.4;
						TestTargetID = C61B12092C9C6D78006468F7;
					};
					C61B12292C9C6D79006468F7 = {
						CreatedOnToolsVersion = 15.4;
						TestTargetID = C61B12092C9C6D78006468F7;
					};
				};
			};
			buildConfigurationList = C61B12052C9C6D78006468F7 /* Build configuration list for PBXProject "OrderOfEvents" */;
			compatibilityVersion = "Xcode 14.0";
			developmentRegion = en;
			hasScannedForEncodings = 0;
			knownRegions = (
				en,
				Base,
			);
			mainGroup = C61B12012C9C6D78006468F7;
			productRefGroup = C61B120B2C9C6D78006468F7 /* Products */;
			projectDirPath = "";
			projectRoot = "";
			targets = (
				C61B12092C9C6D78006468F7 /* OrderOfEvents */,
				C61B121F2C9C6D79006468F7 /* OrderOfEventsTests */,
				C61B12292C9C6D79006468F7 /* OrderOfEventsUITests */,
			);
		};
/* End PBXProject section */

/* Begin PBXResourcesBuildPhase section */
		C61B12082C9C6D78006468F7 /* Resources */ = {
			isa = PBXResourcesBuildPhase;
			buildActionMask = 2147483647;
			files = (
				C61B12172C9C6D79006468F7 /* Assets.xcassets in Resources */,
				C61B121A2C9C6D79006468F7 /* Base in Resources */,
				C61B12152C9C6D79006468F7 /* Base in Resources */,
			);
			runOnlyForDeploymentPostprocessing = 0;
		};
		C61B121E2C9C6D79006468F7 /* Resources */ = {
			isa = PBXResourcesBuildPhase;
			buildActionMask = 2147483647;
			files = (
			);
			runOnlyForDeploymentPostprocessing = 0;
		};
		C61B12282C9C6D79006468F7 /* Resources */ = {
			isa = PBXResourcesBuildPhase;
			buildActionMask = 2147483647;
			files = (
			);
			runOnlyForDeploymentPostprocessing = 0;
		};
/* End PBXResourcesBuildPhase section */

/* Begin PBXSourcesBuildPhase section */
		C61B12062C9C6D78006468F7 /* Sources */ = {
			isa = PBXSourcesBuildPhase;
			buildActionMask = 2147483647;
			files = (
				C61B12122C9C6D78006468F7 /* ViewController.swift in Sources */,
				C61B12402C9C6E99006468F7 /* LastViewController.swift in Sources */,
				C61B120E2C9C6D78006468F7 /* AppDelegate.swift in Sources */,
				C61B12102C9C6D78006468F7 /* SceneDelegate.swift in Sources */,
				C61B123E2C9C6E8B006468F7 /* MiddleViewController.swift in Sources */,
			);
			runOnlyForDeploymentPostprocessing = 0;
		};
		C61B121C2C9C6D79006468F7 /* Sources */ = {
			isa = PBXSourcesBuildPhase;
			buildActionMask = 2147483647;
			files = (
				C61B12252C9C6D79006468F7 /* OrderOfEventsTests.swift in Sources */,
			);
			runOnlyForDeploymentPostprocessing = 0;
		};
		C61B12262C9C6D79006468F7 /* Sources */ = {
			isa = PBXSourcesBuildPhase;
			buildActionMask = 2147483647;
			files = (
				C61B122F2C9C6D79006468F7 /* OrderOfEventsUITests.swift in Sources */,
				C61B12312C9C6D79006468F7 /* OrderOfEventsUITestsLaunchTests.swift in Sources */,
			);
			runOnlyForDeploymentPostprocessing = 0;
		};
/* End PBXSourcesBuildPhase section */

/* Begin PBXTargetDependency section */
		C61B12222C9C6D79006468F7 /* PBXTargetDependency */ = {
			isa = PBXTargetDependency;
			target = C61B12092C9C6D78006468F7 /* OrderOfEvents */;
			targetProxy = C61B12212C9C6D79006468F7 /* PBXContainerItemProxy */;
		};
		C61B122C2C9C6D79006468F7 /* PBXTargetDependency */ = {
			isa = PBXTargetDependency;
			target = C61B12092C9C6D78006468F7 /* OrderOfEvents */;
			targetProxy = C61B122B2C9C6D79006468F7 /* PBXContainerItemProxy */;
		};
/* End PBXTargetDependency section */

/* Begin PBXVariantGroup section */
		C61B12132C9C6D79006468F7 /* Main.storyboard */ = {
			isa = PBXVariantGroup;
			children = (
				C61B12142C9C6D79006468F7 /* Base */,
			);
			name = Main.storyboard;
			sourceTree = "<group>";
		};
		C61B12182C9C6D79006468F7 /* LaunchScreen.storyboard */ = {
			isa = PBXVariantGroup;
			children = (
				C61B12192C9C6D79006468F7 /* Base */,
			);
			name = LaunchScreen.storyboard;
			sourceTree = "<group>";
		};
/* End PBXVariantGroup section */

/* Begin XCBuildConfiguration section */
		C61B12322C9C6D79006468F7 /* Debug */ = {
			isa = XCBuildConfiguration;
			buildSettings = {
				ALWAYS_SEARCH_USER_PATHS = NO;
				ASSETCATALOG_COMPILER_GENERATE_SWIFT_ASSET_SYMBOL_EXTENSIONS = YES;
				CLANG_ANALYZER_NONNULL = YES;
				CLANG_ANALYZER_NUMBER_OBJECT_CONVERSION = YES_AGGRESSIVE;
				CLANG_CXX_LANGUAGE_STANDARD = "gnu++20";
				CLANG_ENABLE_MODULES = YES;
				CLANG_ENABLE_OBJC_ARC = YES;
				CLANG_ENABLE_OBJC_WEAK = YES;
				CLANG_WARN_BLOCK_CAPTURE_AUTORELEASING = YES;
				CLANG_WARN_BOOL_CONVERSION = YES;
				CLANG_WARN_COMMA = YES;
				CLANG_WARN_CONSTANT_CONVERSION = YES;
				CLANG_WARN_DEPRECATED_OBJC_IMPLEMENTATIONS = YES;
				CLANG_WARN_DIRECT_OBJC_ISA_USAGE = YES_ERROR;
				CLANG_WARN_DOCUMENTATION_COMMENTS = YES;
				CLANG_WARN_EMPTY_BODY = YES;
				CLANG_WARN_ENUM_CONVERSION = YES;
				CLANG_WARN_INFINITE_RECURSION = YES;
				CLANG_WARN_INT_CONVERSION = YES;
				CLANG_WARN_NON_LITERAL_NULL_CONVERSION = YES;
				CLANG_WARN_OBJC_IMPLICIT_RETAIN_SELF = YES;
				CLANG_WARN_OBJC_LITERAL_CONVERSION = YES;
				CLANG_WARN_OBJC_ROOT_CLASS = YES_ERROR;
				CLANG_WARN_QUOTED_INCLUDE_IN_FRAMEWORK_HEADER = YES;
				CLANG_WARN_RANGE_LOOP_ANALYSIS = YES;
				CLANG_WARN_STRICT_PROTOTYPES = YES;
				CLANG_WARN_SUSPICIOUS_MOVE = YES;
				CLANG_WARN_UNGUARDED_AVAILABILITY = YES_AGGRESSIVE;
				CLANG_WARN_UNREACHABLE_CODE = YES;
				CLANG_WARN__DUPLICATE_METHOD_MATCH = YES;
				COPY_PHASE_STRIP = NO;
				DEBUG_INFORMATION_FORMAT = dwarf;
				ENABLE_STRICT_OBJC_MSGSEND = YES;
				ENABLE_TESTABILITY = YES;
				ENABLE_USER_SCRIPT_SANDBOXING = YES;
				GCC_C_LANGUAGE_STANDARD = gnu17;
				GCC_DYNAMIC_NO_PIC = NO;
				GCC_NO_COMMON_BLOCKS = YES;
				GCC_OPTIMIZATION_LEVEL = 0;
				GCC_PREPROCESSOR_DEFINITIONS = (
					"DEBUG=1",
					"$(inherited)",
				);
				GCC_WARN_64_TO_32_BIT_CONVERSION = YES;
				GCC_WARN_ABOUT_RETURN_TYPE = YES_ERROR;
				GCC_WARN_UNDECLARED_SELECTOR = YES;
				GCC_WARN_UNINITIALIZED_AUTOS = YES_AGGRESSIVE;
				GCC_WARN_UNUSED_FUNCTION = YES;
				GCC_WARN_UNUSED_VARIABLE = YES;
				IPHONEOS_DEPLOYMENT_TARGET = 17.5;
				LOCALIZATION_PREFERS_STRING_CATALOGS = YES;
				MTL_ENABLE_DEBUG_INFO = INCLUDE_SOURCE;
				MTL_FAST_MATH = YES;
				ONLY_ACTIVE_ARCH = YES;
				SDKROOT = iphoneos;
				SWIFT_ACTIVE_COMPILATION_CONDITIONS = "DEBUG $(inherited)";
				SWIFT_OPTIMIZATION_LEVEL = "-Onone";
			};
			name = Debug;
		};
		C61B12332C9C6D79006468F7 /* Release */ = {
			isa = XCBuildConfiguration;
			buildSettings = {
				ALWAYS_SEARCH_USER_PATHS = NO;
				ASSETCATALOG_COMPILER_GENERATE_SWIFT_ASSET_SYMBOL_EXTENSIONS = YES;
				CLANG_ANALYZER_NONNULL = YES;
				CLANG_ANALYZER_NUMBER_OBJECT_CONVERSION = YES_AGGRESSIVE;
				CLANG_CXX_LANGUAGE_STANDARD = "gnu++20";
				CLANG_ENABLE_MODULES = YES;
				CLANG_ENABLE_OBJC_ARC = YES;
				CLANG_ENABLE_OBJC_WEAK = YES;
				CLANG_WARN_BLOCK_CAPTURE_AUTORELEASING = YES;
				CLANG_WARN_BOOL_CONVERSION = YES;
				CLANG_WARN_COMMA = YES;
				CLANG_WARN_CONSTANT_CONVERSION = YES;
				CLANG_WARN_DEPRECATED_OBJC_IMPLEMENTATIONS = YES;
				CLANG_WARN_DIRECT_OBJC_ISA_USAGE = YES_ERROR;
				CLANG_WARN_DOCUMENTATION_COMMENTS = YES;
				CLANG_WARN_EMPTY_BODY = YES;
				CLANG_WARN_ENUM_CONVERSION = YES;
				CLANG_WARN_INFINITE_RECURSION = YES;
				CLANG_WARN_INT_CONVERSION = YES;
				CLANG_WARN_NON_LITERAL_NULL_CONVERSION = YES;
				CLANG_WARN_OBJC_IMPLICIT_RETAIN_SELF = YES;
				CLANG_WARN_OBJC_LITERAL_CONVERSION = YES;
				CLANG_WARN_OBJC_ROOT_CLASS = YES_ERROR;
				CLANG_WARN_QUOTED_INCLUDE_IN_FRAMEWORK_HEADER = YES;
				CLANG_WARN_RANGE_LOOP_ANALYSIS = YES;
				CLANG_WARN_STRICT_PROTOTYPES = YES;
				CLANG_WARN_SUSPICIOUS_MOVE = YES;
				CLANG_WARN_UNGUARDED_AVAILABILITY = YES_AGGRESSIVE;
				CLANG_WARN_UNREACHABLE_CODE = YES;
				CLANG_WARN__DUPLICATE_METHOD_MATCH = YES;
				COPY_PHASE_STRIP = NO;
				DEBUG_INFORMATION_FORMAT = "dwarf-with-dsym";
				ENABLE_NS_ASSERTIONS = NO;
				ENABLE_STRICT_OBJC_MSGSEND = YES;
				ENABLE_USER_SCRIPT_SANDBOXING = YES;
				GCC_C_LANGUAGE_STANDARD = gnu17;
				GCC_NO_COMMON_BLOCKS = YES;
				GCC_WARN_64_TO_32_BIT_CONVERSION = YES;
				GCC_WARN_ABOUT_RETURN_TYPE = YES_ERROR;
				GCC_WARN_UNDECLARED_SELECTOR = YES;
				GCC_WARN_UNINITIALIZED_AUTOS = YES_AGGRESSIVE;
				GCC_WARN_UNUSED_FUNCTION = YES;
				GCC_WARN_UNUSED_VARIABLE = YES;
				IPHONEOS_DEPLOYMENT_TARGET = 17.5;
				LOCALIZATION_PREFERS_STRING_CATALOGS = YES;
				MTL_ENABLE_DEBUG_INFO = NO;
				MTL_FAST_MATH = YES;
				SDKROOT = iphoneos;
				SWIFT_COMPILATION_MODE = wholemodule;
				VALIDATE_PRODUCT = YES;
			};
			name = Release;
		};
		C61B12352C9C6D79006468F7 /* Debug */ = {
			isa = XCBuildConfiguration;
			buildSettings = {
				ASSETCATALOG_COMPILER_APPICON_NAME = AppIcon;
				ASSETCATALOG_COMPILER_GLOBAL_ACCENT_COLOR_NAME = AccentColor;
				CODE_SIGN_STYLE = Automatic;
				CURRENT_PROJECT_VERSION = 1;
				GENERATE_INFOPLIST_FILE = YES;
				INFOPLIST_FILE = OrderOfEvents/Info.plist;
				INFOPLIST_KEY_UIApplicationSupportsIndirectInputEvents = YES;
				INFOPLIST_KEY_UILaunchStoryboardName = LaunchScreen;
				INFOPLIST_KEY_UIMainStoryboardFile = Main;
				INFOPLIST_KEY_UISupportedInterfaceOrientations_iPad = "UIInterfaceOrientationPortrait UIInterfaceOrientationPortraitUpsideDown UIInterfaceOrientationLandscapeLeft UIInterfaceOrientationLandscapeRight";
				INFOPLIST_KEY_UISupportedInterfaceOrientations_iPhone = "UIInterfaceOrientationPortrait UIInterfaceOrientationLandscapeLeft UIInterfaceOrientationLandscapeRight";
				LD_RUNPATH_SEARCH_PATHS = (
					"$(inherited)",
					"@executable_path/Frameworks",
				);
				MARKETING_VERSION = 1.0;
				PRODUCT_BUNDLE_IDENTIFIER = test.OrderOfEvents;
				PRODUCT_NAME = "$(TARGET_NAME)";
				SWIFT_EMIT_LOC_STRINGS = YES;
				SWIFT_VERSION = 5.0;
				TARGETED_DEVICE_FAMILY = "1,2";
			};
			name = Debug;
		};
		C61B12362C9C6D79006468F7 /* Release */ = {
			isa = XCBuildConfiguration;
			buildSettings = {
				ASSETCATALOG_COMPILER_APPICON_NAME = AppIcon;
				ASSETCATALOG_COMPILER_GLOBAL_ACCENT_COLOR_NAME = AccentColor;
				CODE_SIGN_STYLE = Automatic;
				CURRENT_PROJECT_VERSION = 1;
				GENERATE_INFOPLIST_FILE = YES;
				INFOPLIST_FILE = OrderOfEvents/Info.plist;
				INFOPLIST_KEY_UIApplicationSupportsIndirectInputEvents = YES;
				INFOPLIST_KEY_UILaunchStoryboardName = LaunchScreen;
				INFOPLIST_KEY_UIMainStoryboardFile = Main;
				INFOPLIST_KEY_UISupportedInterfaceOrientations_iPad = "UIInterfaceOrientationPortrait UIInterfaceOrientationPortraitUpsideDown UIInterfaceOrientationLandscapeLeft UIInterfaceOrientationLandscapeRight";
				INFOPLIST_KEY_UISupportedInterfaceOrientations_iPhone = "UIInterfaceOrientationPortrait UIInterfaceOrientationLandscapeLeft UIInterfaceOrientationLandscapeRight";
				LD_RUNPATH_SEARCH_PATHS = (
					"$(inherited)",
					"@executable_path/Frameworks",
				);
				MARKETING_VERSION = 1.0;
				PRODUCT_BUNDLE_IDENTIFIER = test.OrderOfEvents;
				PRODUCT_NAME = "$(TARGET_NAME)";
				SWIFT_EMIT_LOC_STRINGS = YES;
				SWIFT_VERSION = 5.0;
				TARGETED_DEVICE_FAMILY = "1,2";
			};
			name = Release;
		};
		C61B12382C9C6D79006468F7 /* Debug */ = {
			isa = XCBuildConfiguration;
			buildSettings = {
				ALWAYS_EMBED_SWIFT_STANDARD_LIBRARIES = YES;
				BUNDLE_LOADER = "$(TEST_HOST)";
				CODE_SIGN_STYLE = Automatic;
				CURRENT_PROJECT_VERSION = 1;
				GENERATE_INFOPLIST_FILE = YES;
				IPHONEOS_DEPLOYMENT_TARGET = 17.5;
				MARKETING_VERSION = 1.0;
				PRODUCT_BUNDLE_IDENTIFIER = test.OrderOfEventsTests;
				PRODUCT_NAME = "$(TARGET_NAME)";
				SWIFT_EMIT_LOC_STRINGS = NO;
				SWIFT_VERSION = 5.0;
				TARGETED_DEVICE_FAMILY = "1,2";
				TEST_HOST = "$(BUILT_PRODUCTS_DIR)/OrderOfEvents.app/$(BUNDLE_EXECUTABLE_FOLDER_PATH)/OrderOfEvents";
			};
			name = Debug;
		};
		C61B12392C9C6D79006468F7 /* Release */ = {
			isa = XCBuildConfiguration;
			buildSettings = {
				ALWAYS_EMBED_SWIFT_STANDARD_LIBRARIES = YES;
				BUNDLE_LOADER = "$(TEST_HOST)";
				CODE_SIGN_STYLE = Automatic;
				CURRENT_PROJECT_VERSION = 1;
				GENERATE_INFOPLIST_FILE = YES;
				IPHONEOS_DEPLOYMENT_TARGET = 17.5;
				MARKETING_VERSION = 1.0;
				PRODUCT_BUNDLE_IDENTIFIER = test.OrderOfEventsTests;
				PRODUCT_NAME = "$(TARGET_NAME)";
				SWIFT_EMIT_LOC_STRINGS = NO;
				SWIFT_VERSION = 5.0;
				TARGETED_DEVICE_FAMILY = "1,2";
				TEST_HOST = "$(BUILT_PRODUCTS_DIR)/OrderOfEvents.app/$(BUNDLE_EXECUTABLE_FOLDER_PATH)/OrderOfEvents";
			};
			name = Release;
		};
		C61B123B2C9C6D79006468F7 /* Debug */ = {
			isa = XCBuildConfiguration;
			buildSettings = {
				ALWAYS_EMBED_SWIFT_STANDARD_LIBRARIES = YES;
				CODE_SIGN_STYLE = Automatic;
				CURRENT_PROJECT_VERSION = 1;
				GENERATE_INFOPLIST_FILE = YES;
				MARKETING_VERSION = 1.0;
				PRODUCT_BUNDLE_IDENTIFIER = test.OrderOfEventsUITests;
				PRODUCT_NAME = "$(TARGET_NAME)";
				SWIFT_EMIT_LOC_STRINGS = NO;
				SWIFT_VERSION = 5.0;
				TARGETED_DEVICE_FAMILY = "1,2";
				TEST_TARGET_NAME = OrderOfEvents;
			};
			name = Debug;
		};
		C61B123C2C9C6D79006468F7 /* Release */ = {
			isa = XCBuildConfiguration;
			buildSettings = {
				ALWAYS_EMBED_SWIFT_STANDARD_LIBRARIES = YES;
				CODE_SIGN_STYLE = Automatic;
				CURRENT_PROJECT_VERSION = 1;
				GENERATE_INFOPLIST_FILE = YES;
				MARKETING_VERSION = 1.0;
				PRODUCT_BUNDLE_IDENTIFIER = test.OrderOfEventsUITests;
				PRODUCT_NAME = "$(TARGET_NAME)";
				SWIFT_EMIT_LOC_STRINGS = NO;
				SWIFT_VERSION = 5.0;
				TARGETED_DEVICE_FAMILY = "1,2";
				TEST_TARGET_NAME = OrderOfEvents;
			};
			name = Release;
		};
/* End XCBuildConfiguration section */

/* Begin XCConfigurationList section */
		C61B12052C9C6D78006468F7 /* Build configuration list for PBXProject "OrderOfEvents" */ = {
			isa = XCConfigurationList;
			buildConfigurations = (
				C61B12322C9C6D79006468F7 /* Debug */,
				C61B12332C9C6D79006468F7 /* Release */,
			);
			defaultConfigurationIsVisible = 0;
			defaultConfigurationName = Release;
		};
		C61B12342C9C6D79006468F7 /* Build configuration list for PBXNativeTarget "OrderOfEvents" */ = {
			isa = XCConfigurationList;
			buildConfigurations = (
				C61B12352C9C6D79006468F7 /* Debug */,
				C61B12362C9C6D79006468F7 /* Release */,
			);
			defaultConfigurationIsVisible = 0;
			defaultConfigurationName = Release;
		};
		C61B12372C9C6D79006468F7 /* Build configuration list for PBXNativeTarget "OrderOfEventsTests" */ = {
			isa = XCConfigurationList;
			buildConfigurations = (
				C61B12382C9C6D79006468F7 /* Debug */,
				C61B12392C9C6D79006468F7 /* Release */,
			);
			defaultConfigurationIsVisible = 0;
			defaultConfigurationName = Release;
		};
		C61B123A2C9C6D79006468F7 /* Build configuration list for PBXNativeTarget "OrderOfEventsUITests" */ = {
			isa = XCConfigurationList;
			buildConfigurations = (
				C61B123B2C9C6D79006468F7 /* Debug */,
				C61B123C2C9C6D79006468F7 /* Release */,
			);
			defaultConfigurationIsVisible = 0;
			defaultConfigurationName = Release;
		};
/* End XCConfigurationList section */
	};
	rootObject = C61B12022C9C6D78006468F7 /* Project object */;
}
